
Microsoft Visual Studio Solution File, Format Version 12.00
# Visual Studio Version 16
VisualStudioVersion = 16.0.32228.343
MinimumVisualStudioVersion = 10.0.40219.1
Project("{FAE04EC0-301F-11D3-BF4B-00C04F79EFBC}") = "HashTable", "HashTable\HashTable.csproj", "{0739D978-63E5-443F-80A7-F0FBCBDF9947}"
EndProject
Global
	GlobalSection(SolutionConfigurationPlatforms) = preSolution
		Debug|Any CPU = Debug|Any CPU
		Release|Any CPU = Release|Any CPU
	EndGlobalSection
	GlobalSection(ProjectConfigurationPlatforms) = postSolution
		{0739D978-63E5-443F-80A7-F0FBCBDF9947}.Debug|Any CPU.ActiveCfg = Debug|Any CPU
		{0739D978-63E5-443F-80A7-F0FBCBDF9947}.Debug|Any CPU.Build.0 = Debug|Any CPU
		{0739D978-63E5-443F-80A7-F0FBCBDF9947}.Release|Any CPU.ActiveCfg = Release|Any CPU
		{0739D978-63E5-443F-80A7-F0FBCBDF9947}.Release|Any CPU.Build.0 = Release|Any CPU
	EndGlobalSection
	GlobalSection(SolutionProperties) = preSolution
		HideSolutionNode = FALSE
	EndGlobalSection
	GlobalSection(ExtensibilityGlobals) = postSolution
		SolutionGuid = {1A69483C-7704-487A-84E6-A905C34A10A6}
	EndGlobalSection
EndGlobal
